
Microsoft Visual Studio Solution File, Format Version 12.00
# Visual Studio 2013
VisualStudioVersion = 12.0.31101.0
MinimumVisualStudioVersion = 10.0.40219.1
Project("{FAE04EC0-301F-11D3-BF4B-00C04F79EFBC}") = "IntegrationTests.Settings", "IntegrationTests.Settings\IntegrationTests.Settings.csproj", "{506517EC-F7A9-47E5-89DE-C8ED635F0BB4}"
EndProject
Project("{FAE04EC0-301F-11D3-BF4B-00C04F79EFBC}") = "IntegrationTests", "IntegrationTests\IntegrationTests.csproj", "{494C9C06-0347-43FB-BB7E-4A7C2FE98E5E}"
EndProject
Global
	GlobalSection(SolutionConfigurationPlatforms) = preSolution
		Debug|Any CPU = Debug|Any CPU
		Release|Any CPU = Release|Any CPU
	EndGlobalSection
	GlobalSection(ProjectConfigurationPlatforms) = postSolution
		{506517EC-F7A9-47E5-89DE-C8ED635F0BB4}.Debug|Any CPU.ActiveCfg = Debug|Any CPU
		{506517EC-F7A9-47E5-89DE-C8ED635F0BB4}.Debug|Any CPU.Build.0 = Debug|Any CPU
		{506517EC-F7A9-47E5-89DE-C8ED635F0BB4}.Release|Any CPU.ActiveCfg = Release|Any CPU
		{506517EC-F7A9-47E5-89DE-C8ED635F0BB4}.Release|Any CPU.Build.0 = Release|Any CPU
		{494C9C06-0347-43FB-BB7E-4A7C2FE98E5E}.Debug|Any CPU.ActiveCfg = Debug|Any CPU
		{494C9C06-0347-43FB-BB7E-4A7C2FE98E5E}.Debug|Any CPU.Build.0 = Debug|Any CPU
		{494C9C06-0347-43FB-BB7E-4A7C2FE98E5E}.Release|Any CPU.ActiveCfg = Release|Any CPU
		{494C9C06-0347-43FB-BB7E-4A7C2FE98E5E}.Release|Any CPU.Build.0 = Release|Any CPU
	EndGlobalSection
	GlobalSection(SolutionProperties) = preSolution
		HideSolutionNode = FALSE
	EndGlobalSection
EndGlobal
